
Microsoft Visual Studio Solution File, Format Version 12.00
# Visual Studio Version 17
VisualStudioVersion = 17.14.36221.1
MinimumVisualStudioVersion = 10.0.40219.1
Project("{FAE04EC0-301F-11D3-BF4B-00C04F79EFBC}") = "Net.Extensions.Http.RestClient", "Net.Extensions.Http.RestClient.csproj", "{781024C4-10A7-401A-B68D-183BDE5B54BD}"
EndProject
Project("{FAE04EC0-301F-11D3-BF4B-00C04F79EFBC}") = "Abstraction", "..\Abstraction\Abstraction.csproj", "{7F644A59-A4DA-4838-B586-494E52AE1987}"
EndProject
Project("{FAE04EC0-301F-11D3-BF4B-00C04F79EFBC}") = "Policies", "..\Policies\Policies.csproj", "{A147A361-0E03-43E3-89C3-C4F19D401906}"
EndProject
Project("{FAE04EC0-301F-11D3-BF4B-00C04F79EFBC}") = "Helpers", "..\Helpers\Helpers.csproj", "{62CACE1B-CFA2-4C07-B5A9-EE5922C7DC8F}"
EndProject
Project("{FAE04EC0-301F-11D3-BF4B-00C04F79EFBC}") = "Contracts", "..\Contracts\Contracts.csproj", "{7792D7FE-92D8-427F-A23B-806F4A6AE77A}"
EndProject
Project("{FAE04EC0-301F-11D3-BF4B-00C04F79EFBC}") = "Models", "..\Models\Models.csproj", "{2BA2FB9C-9C46-4993-8151-A424E675B20D}"
EndProject
Project("{2150E333-8FDC-42A3-9474-1A3956D46DE8}") = "Examples", "Examples", "{02EA681E-C7D8-13C7-8484-4AC65E1B71E8}"
EndProject
Project("{FAE04EC0-301F-11D3-BF4B-00C04F79EFBC}") = "ConsoleAppExemple", "..\ConsoleAppExemple\ConsoleAppExemple.csproj", "{9C6681D1-C01B-4131-B328-92606B58362A}"
EndProject
Global
	GlobalSection(SolutionConfigurationPlatforms) = preSolution
		Debug|Any CPU = Debug|Any CPU
		Release|Any CPU = Release|Any CPU
	EndGlobalSection
	GlobalSection(ProjectConfigurationPlatforms) = postSolution
		{781024C4-10A7-401A-B68D-183BDE5B54BD}.Debug|Any CPU.ActiveCfg = Debug|Any CPU
		{781024C4-10A7-401A-B68D-183BDE5B54BD}.Debug|Any CPU.Build.0 = Debug|Any CPU
		{781024C4-10A7-401A-B68D-183BDE5B54BD}.Release|Any CPU.ActiveCfg = Release|Any CPU
		{781024C4-10A7-401A-B68D-183BDE5B54BD}.Release|Any CPU.Build.0 = Release|Any CPU
		{7F644A59-A4DA-4838-B586-494E52AE1987}.Debug|Any CPU.ActiveCfg = Debug|Any CPU
		{7F644A59-A4DA-4838-B586-494E52AE1987}.Debug|Any CPU.Build.0 = Debug|Any CPU
		{7F644A59-A4DA-4838-B586-494E52AE1987}.Release|Any CPU.ActiveCfg = Release|Any CPU
		{7F644A59-A4DA-4838-B586-494E52AE1987}.Release|Any CPU.Build.0 = Release|Any CPU
		{A147A361-0E03-43E3-89C3-C4F19D401906}.Debug|Any CPU.ActiveCfg = Debug|Any CPU
		{A147A361-0E03-43E3-89C3-C4F19D401906}.Debug|Any CPU.Build.0 = Debug|Any CPU
		{A147A361-0E03-43E3-89C3-C4F19D401906}.Release|Any CPU.ActiveCfg = Release|Any CPU
		{A147A361-0E03-43E3-89C3-C4F19D401906}.Release|Any CPU.Build.0 = Release|Any CPU
		{62CACE1B-CFA2-4C07-B5A9-EE5922C7DC8F}.Debug|Any CPU.ActiveCfg = Debug|Any CPU
		{62CACE1B-CFA2-4C07-B5A9-EE5922C7DC8F}.Debug|Any CPU.Build.0 = Debug|Any CPU
		{62CACE1B-CFA2-4C07-B5A9-EE5922C7DC8F}.Release|Any CPU.ActiveCfg = Release|Any CPU
		{62CACE1B-CFA2-4C07-B5A9-EE5922C7DC8F}.Release|Any CPU.Build.0 = Release|Any CPU
		{7792D7FE-92D8-427F-A23B-806F4A6AE77A}.Debug|Any CPU.ActiveCfg = Debug|Any CPU
		{7792D7FE-92D8-427F-A23B-806F4A6AE77A}.Debug|Any CPU.Build.0 = Debug|Any CPU
		{7792D7FE-92D8-427F-A23B-806F4A6AE77A}.Release|Any CPU.ActiveCfg = Release|Any CPU
		{7792D7FE-92D8-427F-A23B-806F4A6AE77A}.Release|Any CPU.Build.0 = Release|Any CPU
		{2BA2FB9C-9C46-4993-8151-A424E675B20D}.Debug|Any CPU.ActiveCfg = Debug|Any CPU
		{2BA2FB9C-9C46-4993-8151-A424E675B20D}.Debug|Any CPU.Build.0 = Debug|Any CPU
		{2BA2FB9C-9C46-4993-8151-A424E675B20D}.Release|Any CPU.ActiveCfg = Release|Any CPU
		{2BA2FB9C-9C46-4993-8151-A424E675B20D}.Release|Any CPU.Build.0 = Release|Any CPU
		{9C6681D1-C01B-4131-B328-92606B58362A}.Debug|Any CPU.ActiveCfg = Debug|Any CPU
		{9C6681D1-C01B-4131-B328-92606B58362A}.Debug|Any CPU.Build.0 = Debug|Any CPU
		{9C6681D1-C01B-4131-B328-92606B58362A}.Release|Any CPU.ActiveCfg = Release|Any CPU
		{9C6681D1-C01B-4131-B328-92606B58362A}.Release|Any CPU.Build.0 = Release|Any CPU
	EndGlobalSection
	GlobalSection(SolutionProperties) = preSolution
		HideSolutionNode = FALSE
	EndGlobalSection
	GlobalSection(NestedProjects) = preSolution
		{9C6681D1-C01B-4131-B328-92606B58362A} = {02EA681E-C7D8-13C7-8484-4AC65E1B71E8}
	EndGlobalSection
	GlobalSection(ExtensibilityGlobals) = postSolution
		SolutionGuid = {23C1D75E-51D5-48FB-AC28-0D610665E014}
	EndGlobalSection
EndGlobal
