
Microsoft Visual Studio Solution File, Format Version 12.00
# Visual Studio Version 17
VisualStudioVersion = 17.14.36221.1
MinimumVisualStudioVersion = 10.0.40219.1
Project("{FAE04EC0-301F-11D3-BF4B-00C04F79EFBC}") = "Net.Extensions.Http.RestClient", "Net.Extensions.Http.RestClient.csproj", "{781024C4-10A7-401A-B68D-183BDE5B54BD}"
EndProject
Project("{2150E333-8FDC-42A3-9474-1A3956D46DE8}") = "Examples", "Examples", "{02EA681E-C7D8-13C7-8484-4AC65E1B71E8}"
EndProject
Project("{FAE04EC0-301F-11D3-BF4B-00C04F79EFBC}") = "ConsoleAppExemple", "..\ConsoleAppExemple\ConsoleAppExemple.csproj", "{9C6681D1-C01B-4131-B328-92606B58362A}"
EndProject
Global
	GlobalSection(SolutionConfigurationPlatforms) = preSolution
		Debug|Any CPU = Debug|Any CPU
		Release|Any CPU = Release|Any CPU
	EndGlobalSection
	GlobalSection(ProjectConfigurationPlatforms) = postSolution
		{781024C4-10A7-401A-B68D-183BDE5B54BD}.Debug|Any CPU.ActiveCfg = Debug|Any CPU
		{781024C4-10A7-401A-B68D-183BDE5B54BD}.Debug|Any CPU.Build.0 = Debug|Any CPU
		{781024C4-10A7-401A-B68D-183BDE5B54BD}.Release|Any CPU.ActiveCfg = Release|Any CPU
		{781024C4-10A7-401A-B68D-183BDE5B54BD}.Release|Any CPU.Build.0 = Release|Any CPU
		{9C6681D1-C01B-4131-B328-92606B58362A}.Debug|Any CPU.ActiveCfg = Debug|Any CPU
		{9C6681D1-C01B-4131-B328-92606B58362A}.Debug|Any CPU.Build.0 = Debug|Any CPU
		{9C6681D1-C01B-4131-B328-92606B58362A}.Release|Any CPU.ActiveCfg = Release|Any CPU
		{9C6681D1-C01B-4131-B328-92606B58362A}.Release|Any CPU.Build.0 = Release|Any CPU
	EndGlobalSection
	GlobalSection(SolutionProperties) = preSolution
		HideSolutionNode = FALSE
	EndGlobalSection
	GlobalSection(NestedProjects) = preSolution
		{9C6681D1-C01B-4131-B328-92606B58362A} = {02EA681E-C7D8-13C7-8484-4AC65E1B71E8}
	EndGlobalSection
	GlobalSection(ExtensibilityGlobals) = postSolution
		SolutionGuid = {23C1D75E-51D5-48FB-AC28-0D610665E014}
	EndGlobalSection
EndGlobal
